
Microsoft Visual Studio Solution File, Format Version 12.00
# Visual Studio Version 16
VisualStudioVersion = 16.0.29806.167
MinimumVisualStudioVersion = 10.0.40219.1
Project("{9A19103F-16F7-4668-BE54-9A1E7A4F7556}") = "VfpEntityFrameworkProvider", "VfpEntityFrameworkProvider\VfpEntityFrameworkProvider.csproj", "{504BCCD9-AA61-4FD1-A151-D34C18F10380}"
EndProject
Project("{2150E333-8FDC-42A3-9474-1A3956D46DE8}") = "Solution Items", "Solution Items", "{54654DCF-70DA-4210-B0F7-D0A7CF54ADFF}"
	ProjectSection(SolutionItems) = preProject
		nuget.config = nuget.config
	EndProjectSection
EndProject
Project("{9A19103F-16F7-4668-BE54-9A1E7A4F7556}") = "VfpEntityFrameworkProvider.Tests", "VfpEntityFrameworkProvider.Tests\VfpEntityFrameworkProvider.Tests.csproj", "{CA742AB5-A269-45FC-86E3-E71C0E6A9A0B}"
EndProject
Global
	GlobalSection(SolutionConfigurationPlatforms) = preSolution
		Debug|Any CPU = Debug|Any CPU
		Release|Any CPU = Release|Any CPU
	EndGlobalSection
	GlobalSection(ProjectConfigurationPlatforms) = postSolution
		{504BCCD9-AA61-4FD1-A151-D34C18F10380}.Debug|Any CPU.ActiveCfg = Debug|Any CPU
		{504BCCD9-AA61-4FD1-A151-D34C18F10380}.Debug|Any CPU.Build.0 = Debug|Any CPU
		{504BCCD9-AA61-4FD1-A151-D34C18F10380}.Release|Any CPU.ActiveCfg = Release|Any CPU
		{504BCCD9-AA61-4FD1-A151-D34C18F10380}.Release|Any CPU.Build.0 = Release|Any CPU
		{CA742AB5-A269-45FC-86E3-E71C0E6A9A0B}.Debug|Any CPU.ActiveCfg = Debug|Any CPU
		{CA742AB5-A269-45FC-86E3-E71C0E6A9A0B}.Debug|Any CPU.Build.0 = Debug|Any CPU
		{CA742AB5-A269-45FC-86E3-E71C0E6A9A0B}.Release|Any CPU.ActiveCfg = Release|Any CPU
		{CA742AB5-A269-45FC-86E3-E71C0E6A9A0B}.Release|Any CPU.Build.0 = Release|Any CPU
	EndGlobalSection
	GlobalSection(SolutionProperties) = preSolution
		HideSolutionNode = FALSE
	EndGlobalSection
	GlobalSection(ExtensibilityGlobals) = postSolution
		SolutionGuid = {34053785-CA83-4005-B2B0-7C754BAD3F52}
	EndGlobalSection
EndGlobal
